// !$*UTF8*$!
{
	archiveVersion = 1;
	classes = {
	};
	objectVersion = 46;
	objects = {

/* Begin PBXBuildFile section */
		B8345F06171655D600641C3C /* UIKit.framework in Frameworks */ = {isa = PBXBuildFile; fileRef = B8345F05171655D600641C3C /* UIKit.framework */; };
		B8345F08171655D600641C3C /* Foundation.framework in Frameworks */ = {isa = PBXBuildFile; fileRef = B8345F07171655D600641C3C /* Foundation.framework */; };
		B8345F0A171655D600641C3C /* CoreGraphics.framework in Frameworks */ = {isa = PBXBuildFile; fileRef = B8345F09171655D600641C3C /* CoreGraphics.framework */; };
		B8345F10171655D600641C3C /* InfoPlist.strings in Resources */ = {isa = PBXBuildFile; fileRef = B8345F0E171655D600641C3C /* InfoPlist.strings */; };
		B8345F12171655D600641C3C /* main.m in Sources */ = {isa = PBXBuildFile; fileRef = B8345F11171655D600641C3C /* main.m */; };
		B8345F291716567600641C3C /* AppDelegate.m in Sources */ = {isa = PBXBuildFile; fileRef = B8345F281716567600641C3C /* AppDelegate.m */; };
		B8345F43171656C000641C3C /* JASidePanelController.m in Sources */ = {isa = PBXBuildFile; fileRef = B8345F3F171656C000641C3C /* JASidePanelController.m */; };
		B8345F44171656C000641C3C /* UIViewController+JASidePanel.m in Sources */ = {isa = PBXBuildFile; fileRef = B8345F41171656C000641C3C /* UIViewController+JASidePanel.m */; };
		B8345F4C1716582300641C3C /* GoogleMaps.framework in Frameworks */ = {isa = PBXBuildFile; fileRef = B8345F4B1716582300641C3C /* GoogleMaps.framework */; };
		B8345F4E1716585A00641C3C /* GoogleMaps.bundle in Resources */ = {isa = PBXBuildFile; fileRef = B8345F4D1716585A00641C3C /* GoogleMaps.bundle */; };
		B8345F501716588100641C3C /* AVFoundation.framework in Frameworks */ = {isa = PBXBuildFile; fileRef = B8345F4F1716588100641C3C /* AVFoundation.framework */; };
		B8345F521716588B00641C3C /* CoreData.framework in Frameworks */ = {isa = PBXBuildFile; fileRef = B8345F511716588B00641C3C /* CoreData.framework */; };
		B8345F541716589500641C3C /* CoreLocation.framework in Frameworks */ = {isa = PBXBuildFile; fileRef = B8345F531716589500641C3C /* CoreLocation.framework */; };
		B8345F561716589F00641C3C /* CoreText.framework in Frameworks */ = {isa = PBXBuildFile; fileRef = B8345F551716589F00641C3C /* CoreText.framework */; };
		B8345F58171658A800641C3C /* GLKit.framework in Frameworks */ = {isa = PBXBuildFile; fileRef = B8345F57171658A800641C3C /* GLKit.framework */; };
		B8345F5A171658B000641C3C /* ImageIO.framework in Frameworks */ = {isa = PBXBuildFile; fileRef = B8345F59171658B000641C3C /* ImageIO.framework */; };
		B8345F5C171658C100641C3C /* libc++.dylib in Frameworks */ = {isa = PBXBuildFile; fileRef = B8345F5B171658C100641C3C /* libc++.dylib */; };
		B8345F5E171658CE00641C3C /* libicucore.dylib in Frameworks */ = {isa = PBXBuildFile; fileRef = B8345F5D171658CE00641C3C /* libicucore.dylib */; };
		B8345F60171658D600641C3C /* libz.dylib in Frameworks */ = {isa = PBXBuildFile; fileRef = B8345F5F171658D600641C3C /* libz.dylib */; };
		B8345F62171658DF00641C3C /* OpenGLES.framework in Frameworks */ = {isa = PBXBuildFile; fileRef = B8345F61171658DF00641C3C /* OpenGLES.framework */; };
		B8345F64171658E700641C3C /* QuartzCore.framework in Frameworks */ = {isa = PBXBuildFile; fileRef = B8345F63171658E700641C3C /* QuartzCore.framework */; };
		B8345F66171658EF00641C3C /* SystemConfiguration.framework in Frameworks */ = {isa = PBXBuildFile; fileRef = B8345F65171658EF00641C3C /* SystemConfiguration.framework */; };
		B8345F7117165F2E00641C3C /* MainStoryboard.storyboard in Resources */ = {isa = PBXBuildFile; fileRef = B8345F7017165F2E00641C3C /* MainStoryboard.storyboard */; };
		B8345F8317165FFF00641C3C /* MTSidePanelController.m in Sources */ = {isa = PBXBuildFile; fileRef = B8345F8217165FFF00641C3C /* MTSidePanelController.m */; };
		B8345F881716617A00641C3C /* LeftViewController.m in Sources */ = {isa = PBXBuildFile; fileRef = B8345F871716617A00641C3C /* LeftViewController.m */; };
		B8345F8B1716622C00641C3C /* MenuItem.m in Sources */ = {isa = PBXBuildFile; fileRef = B8345F8A1716622C00641C3C /* MenuItem.m */; };
		B8345F8E1716628E00641C3C /* MapViewController.m in Sources */ = {isa = PBXBuildFile; fileRef = B8345F8D1716628E00641C3C /* MapViewController.m */; };
		B8345F91171662F400641C3C /* RecordUserViewController.m in Sources */ = {isa = PBXBuildFile; fileRef = B8345F90171662F400641C3C /* RecordUserViewController.m */; };
		B8345F94171663E100641C3C /* TableViewCell.m in Sources */ = {isa = PBXBuildFile; fileRef = B8345F93171663E100641C3C /* TableViewCell.m */; };
		B8345F961716648E00641C3C /* logosymb.png in Resources */ = {isa = PBXBuildFile; fileRef = B8345F951716648E00641C3C /* logosymb.png */; };
		B8345FA01716651800641C3C /* Default-568h@2x.png in Resources */ = {isa = PBXBuildFile; fileRef = B8345F9D1716651800641C3C /* Default-568h@2x.png */; };
		B8345FA11716651800641C3C /* Default.png in Resources */ = {isa = PBXBuildFile; fileRef = B8345F9E1716651800641C3C /* Default.png */; };
		B8345FA21716651800641C3C /* Default@2x.png in Resources */ = {isa = PBXBuildFile; fileRef = B8345F9F1716651800641C3C /* Default@2x.png */; };
/* End PBXBuildFile section */

/* Begin PBXFileReference section */
		B8345F02171655D600641C3C /* MiTaxi.app */ = {isa = PBXFileReference; explicitFileType = wrapper.application; includeInIndex = 0; path = MiTaxi.app; sourceTree = BUILT_PRODUCTS_DIR; };
		B8345F05171655D600641C3C /* UIKit.framework */ = {isa = PBXFileReference; lastKnownFileType = wrapper.framework; name = UIKit.framework; path = System/Library/Frameworks/UIKit.framework; sourceTree = SDKROOT; };
		B8345F07171655D600641C3C /* Foundation.framework */ = {isa = PBXFileReference; lastKnownFileType = wrapper.framework; name = Foundation.framework; path = System/Library/Frameworks/Foundation.framework; sourceTree = SDKROOT; };
		B8345F09171655D600641C3C /* CoreGraphics.framework */ = {isa = PBXFileReference; lastKnownFileType = wrapper.framework; name = CoreGraphics.framework; path = System/Library/Frameworks/CoreGraphics.framework; sourceTree = SDKROOT; };
		B8345F0D171655D600641C3C /* MiTaxi-Info.plist */ = {isa = PBXFileReference; lastKnownFileType = text.plist.xml; path = "MiTaxi-Info.plist"; sourceTree = "<group>"; };
		B8345F0F171655D600641C3C /* en */ = {isa = PBXFileReference; lastKnownFileType = text.plist.strings; name = en; path = en.lproj/InfoPlist.strings; sourceTree = "<group>"; };
		B8345F11171655D600641C3C /* main.m */ = {isa = PBXFileReference; lastKnownFileType = sourcecode.c.objc; path = main.m; sourceTree = "<group>"; };
		B8345F13171655D600641C3C /* MiTaxi-Prefix.pch */ = {isa = PBXFileReference; lastKnownFileType = sourcecode.c.h; path = "MiTaxi-Prefix.pch"; sourceTree = "<group>"; };
		B8345F281716567600641C3C /* AppDelegate.m */ = {isa = PBXFileReference; fileEncoding = 4; lastKnownFileType = sourcecode.c.objc; name = AppDelegate.m; path = ../../_MiTaxi/MiTaxi/AppDelegate.m; sourceTree = "<group>"; };
		B8345F2A1716569B00641C3C /* AppDelegate.h */ = {isa = PBXFileReference; lastKnownFileType = sourcecode.c.h; name = AppDelegate.h; path = ../../_MiTaxi/MiTaxi/AppDelegate.h; sourceTree = "<group>"; };
		B8345F3E171656C000641C3C /* JASidePanelController.h */ = {isa = PBXFileReference; fileEncoding = 4; lastKnownFileType = sourcecode.c.h; path = JASidePanelController.h; sourceTree = "<group>"; };
		B8345F3F171656C000641C3C /* JASidePanelController.m */ = {isa = PBXFileReference; fileEncoding = 4; lastKnownFileType = sourcecode.c.objc; path = JASidePanelController.m; sourceTree = "<group>"; };
		B8345F40171656C000641C3C /* UIViewController+JASidePanel.h */ = {isa = PBXFileReference; fileEncoding = 4; lastKnownFileType = sourcecode.c.h; path = "UIViewController+JASidePanel.h"; sourceTree = "<group>"; };
		B8345F41171656C000641C3C /* UIViewController+JASidePanel.m */ = {isa = PBXFileReference; fileEncoding = 4; lastKnownFileType = sourcecode.c.objc; path = "UIViewController+JASidePanel.m"; sourceTree = "<group>"; };
		B8345F4B1716582300641C3C /* GoogleMaps.framework */ = {isa = PBXFileReference; lastKnownFileType = wrapper.framework; path = GoogleMaps.framework; sourceTree = "<group>"; };
		B8345F4D1716585A00641C3C /* GoogleMaps.bundle */ = {isa = PBXFileReference; lastKnownFileType = "wrapper.plug-in"; name = GoogleMaps.bundle; path = GoogleMaps.framework/Versions/A/Resources/GoogleMaps.bundle; sourceTree = "<group>"; };
		B8345F4F1716588100641C3C /* AVFoundation.framework */ = {isa = PBXFileReference; lastKnownFileType = wrapper.framework; name = AVFoundation.framework; path = System/Library/Frameworks/AVFoundation.framework; sourceTree = SDKROOT; };
		B8345F511716588B00641C3C /* CoreData.framework */ = {isa = PBXFileReference; lastKnownFileType = wrapper.framework; name = CoreData.framework; path = System/Library/Frameworks/CoreData.framework; sourceTree = SDKROOT; };
		B8345F531716589500641C3C /* CoreLocation.framework */ = {isa = PBXFileReference; lastKnownFileType = wrapper.framework; name = CoreLocation.framework; path = System/Library/Frameworks/CoreLocation.framework; sourceTree = SDKROOT; };
		B8345F551716589F00641C3C /* CoreText.framework */ = {isa = PBXFileReference; lastKnownFileType = wrapper.framework; name = CoreText.framework; path = System/Library/Frameworks/CoreText.framework; sourceTree = SDKROOT; };
		B8345F57171658A800641C3C /* GLKit.framework */ = {isa = PBXFileReference; lastKnownFileType = wrapper.framework; name = GLKit.framework; path = System/Library/Frameworks/GLKit.framework; sourceTree = SDKROOT; };
		B8345F59171658B000641C3C /* ImageIO.framework */ = {isa = PBXFileReference; lastKnownFileType = wrapper.framework; name = ImageIO.framework; path = System/Library/Frameworks/ImageIO.framework; sourceTree = SDKROOT; };
		B8345F5B171658C100641C3C /* libc++.dylib */ = {isa = PBXFileReference; lastKnownFileType = "compiled.mach-o.dylib"; name = "libc++.dylib"; path = "usr/lib/libc++.dylib"; sourceTree = SDKROOT; };
		B8345F5D171658CE00641C3C /* libicucore.dylib */ = {isa = PBXFileReference; lastKnownFileType = "compiled.mach-o.dylib"; name = libicucore.dylib; path = usr/lib/libicucore.dylib; sourceTree = SDKROOT; };
		B8345F5F171658D600641C3C /* libz.dylib */ = {isa = PBXFileReference; lastKnownFileType = "compiled.mach-o.dylib"; name = libz.dylib; path = usr/lib/libz.dylib; sourceTree = SDKROOT; };
		B8345F61171658DF00641C3C /* OpenGLES.framework */ = {isa = PBXFileReference; lastKnownFileType = wrapper.framework; name = OpenGLES.framework; path = System/Library/Frameworks/OpenGLES.framework; sourceTree = SDKROOT; };
		B8345F63171658E700641C3C /* QuartzCore.framework */ = {isa = PBXFileReference; lastKnownFileType = wrapper.framework; name = QuartzCore.framework; path = System/Library/Frameworks/QuartzCore.framework; sourceTree = SDKROOT; };
		B8345F65171658EF00641C3C /* SystemConfiguration.framework */ = {isa = PBXFileReference; lastKnownFileType = wrapper.framework; name = SystemConfiguration.framework; path = System/Library/Frameworks/SystemConfiguration.framework; sourceTree = SDKROOT; };
		B8345F7017165F2E00641C3C /* MainStoryboard.storyboard */ = {isa = PBXFileReference; fileEncoding = 4; lastKnownFileType = file.storyboard; path = MainStoryboard.storyboard; sourceTree = "<group>"; };
		B8345F8117165FFF00641C3C /* MTSidePanelController.h */ = {isa = PBXFileReference; fileEncoding = 4; lastKnownFileType = sourcecode.c.h; path = MTSidePanelController.h; sourceTree = "<group>"; };
		B8345F8217165FFF00641C3C /* MTSidePanelController.m */ = {isa = PBXFileReference; fileEncoding = 4; lastKnownFileType = sourcecode.c.objc; path = MTSidePanelController.m; sourceTree = "<group>"; };
		B8345F861716617A00641C3C /* LeftViewController.h */ = {isa = PBXFileReference; fileEncoding = 4; lastKnownFileType = sourcecode.c.h; path = LeftViewController.h; sourceTree = "<group>"; };
		B8345F871716617A00641C3C /* LeftViewController.m */ = {isa = PBXFileReference; fileEncoding = 4; lastKnownFileType = sourcecode.c.objc; path = LeftViewController.m; sourceTree = "<group>"; };
		B8345F891716622C00641C3C /* MenuItem.h */ = {isa = PBXFileReference; fileEncoding = 4; lastKnownFileType = sourcecode.c.h; path = MenuItem.h; sourceTree = "<group>"; };
		B8345F8A1716622C00641C3C /* MenuItem.m */ = {isa = PBXFileReference; fileEncoding = 4; lastKnownFileType = sourcecode.c.objc; path = MenuItem.m; sourceTree = "<group>"; };
		B8345F8C1716628E00641C3C /* MapViewController.h */ = {isa = PBXFileReference; fileEncoding = 4; lastKnownFileType = sourcecode.c.h; path = MapViewController.h; sourceTree = "<group>"; };
		B8345F8D1716628E00641C3C /* MapViewController.m */ = {isa = PBXFileReference; fileEncoding = 4; lastKnownFileType = sourcecode.c.objc; path = MapViewController.m; sourceTree = "<group>"; };
		B8345F8F171662F400641C3C /* RecordUserViewController.h */ = {isa = PBXFileReference; fileEncoding = 4; lastKnownFileType = sourcecode.c.h; path = RecordUserViewController.h; sourceTree = "<group>"; };
		B8345F90171662F400641C3C /* RecordUserViewController.m */ = {isa = PBXFileReference; fileEncoding = 4; lastKnownFileType = sourcecode.c.objc; path = RecordUserViewController.m; sourceTree = "<group>"; };
		B8345F92171663E100641C3C /* TableViewCell.h */ = {isa = PBXFileReference; fileEncoding = 4; lastKnownFileType = sourcecode.c.h; path = TableViewCell.h; sourceTree = "<group>"; };
		B8345F93171663E100641C3C /* TableViewCell.m */ = {isa = PBXFileReference; fileEncoding = 4; lastKnownFileType = sourcecode.c.objc; path = TableViewCell.m; sourceTree = "<group>"; };
		B8345F951716648E00641C3C /* logosymb.png */ = {isa = PBXFileReference; lastKnownFileType = image.png; path = logosymb.png; sourceTree = "<group>"; };
		B8345F9D1716651800641C3C /* Default-568h@2x.png */ = {isa = PBXFileReference; lastKnownFileType = image.png; path = "Default-568h@2x.png"; sourceTree = "<group>"; };
		B8345F9E1716651800641C3C /* Default.png */ = {isa = PBXFileReference; lastKnownFileType = image.png; path = Default.png; sourceTree = "<group>"; };
		B8345F9F1716651800641C3C /* Default@2x.png */ = {isa = PBXFileReference; lastKnownFileType = image.png; path = "Default@2x.png"; sourceTree = "<group>"; };
/* End PBXFileReference section */

/* Begin PBXFrameworksBuildPhase section */
		B8345EFF171655D600641C3C /* Frameworks */ = {
			isa = PBXFrameworksBuildPhase;
			buildActionMask = 2147483647;
			files = (
				B8345F66171658EF00641C3C /* SystemConfiguration.framework in Frameworks */,
				B8345F64171658E700641C3C /* QuartzCore.framework in Frameworks */,
				B8345F62171658DF00641C3C /* OpenGLES.framework in Frameworks */,
				B8345F60171658D600641C3C /* libz.dylib in Frameworks */,
				B8345F5E171658CE00641C3C /* libicucore.dylib in Frameworks */,
				B8345F5C171658C100641C3C /* libc++.dylib in Frameworks */,
				B8345F5A171658B000641C3C /* ImageIO.framework in Frameworks */,
				B8345F58171658A800641C3C /* GLKit.framework in Frameworks */,
				B8345F561716589F00641C3C /* CoreText.framework in Frameworks */,
				B8345F541716589500641C3C /* CoreLocation.framework in Frameworks */,
				B8345F521716588B00641C3C /* CoreData.framework in Frameworks */,
				B8345F501716588100641C3C /* AVFoundation.framework in Frameworks */,
				B8345F06171655D600641C3C /* UIKit.framework in Frameworks */,
				B8345F08171655D600641C3C /* Foundation.framework in Frameworks */,
				B8345F0A171655D600641C3C /* CoreGraphics.framework in Frameworks */,
				B8345F4C1716582300641C3C /* GoogleMaps.framework in Frameworks */,
			);
			runOnlyForDeploymentPostprocessing = 0;
		};
/* End PBXFrameworksBuildPhase section */

/* Begin PBXGroup section */
		B8345EF9171655D600641C3C = {
			isa = PBXGroup;
			children = (
				B8345F3C171656C000641C3C /* Source */,
				B8345F0B171655D600641C3C /* MiTaxi */,
				B8345F04171655D600641C3C /* Frameworks */,
				B8345F03171655D600641C3C /* Products */,
			);
			sourceTree = "<group>";
		};
		B8345F03171655D600641C3C /* Products */ = {
			isa = PBXGroup;
			children = (
				B8345F02171655D600641C3C /* MiTaxi.app */,
			);
			name = Products;
			sourceTree = "<group>";
		};
		B8345F04171655D600641C3C /* Frameworks */ = {
			isa = PBXGroup;
			children = (
				B8345F65171658EF00641C3C /* SystemConfiguration.framework */,
				B8345F63171658E700641C3C /* QuartzCore.framework */,
				B8345F61171658DF00641C3C /* OpenGLES.framework */,
				B8345F5F171658D600641C3C /* libz.dylib */,
				B8345F5D171658CE00641C3C /* libicucore.dylib */,
				B8345F5B171658C100641C3C /* libc++.dylib */,
				B8345F59171658B000641C3C /* ImageIO.framework */,
				B8345F57171658A800641C3C /* GLKit.framework */,
				B8345F551716589F00641C3C /* CoreText.framework */,
				B8345F531716589500641C3C /* CoreLocation.framework */,
				B8345F511716588B00641C3C /* CoreData.framework */,
				B8345F4F1716588100641C3C /* AVFoundation.framework */,
				B8345F4D1716585A00641C3C /* GoogleMaps.bundle */,
				B8345F4B1716582300641C3C /* GoogleMaps.framework */,
				B8345F05171655D600641C3C /* UIKit.framework */,
				B8345F07171655D600641C3C /* Foundation.framework */,
				B8345F09171655D600641C3C /* CoreGraphics.framework */,
			);
			name = Frameworks;
			sourceTree = "<group>";
		};
		B8345F0B171655D600641C3C /* MiTaxi */ = {
			isa = PBXGroup;
			children = (
				B8345F45171656E800641C3C /* App */,
				B8345F461716570400641C3C /* Controllers */,
				B8345F471716572500641C3C /* View */,
				B8345F481716572F00641C3C /* Models */,
				B8345F0C171655D600641C3C /* Supporting Files */,
			);
			path = MiTaxi;
			sourceTree = "<group>";
		};
		B8345F0C171655D600641C3C /* Supporting Files */ = {
			isa = PBXGroup;
			children = (
				B8345F951716648E00641C3C /* logosymb.png */,
				B8345F9D1716651800641C3C /* Default-568h@2x.png */,
				B8345F9E1716651800641C3C /* Default.png */,
				B8345F9F1716651800641C3C /* Default@2x.png */,
				B8345F0D171655D600641C3C /* MiTaxi-Info.plist */,
				B8345F0E171655D600641C3C /* InfoPlist.strings */,
				B8345F11171655D600641C3C /* main.m */,
				B8345F13171655D600641C3C /* MiTaxi-Prefix.pch */,
			);
			name = "Supporting Files";
			sourceTree = "<group>";
		};
		B8345F3C171656C000641C3C /* Source */ = {
			isa = PBXGroup;
			children = (
				B8345F3E171656C000641C3C /* JASidePanelController.h */,
				B8345F3F171656C000641C3C /* JASidePanelController.m */,
				B8345F40171656C000641C3C /* UIViewController+JASidePanel.h */,
				B8345F41171656C000641C3C /* UIViewController+JASidePanel.m */,
			);
			name = Source;
			path = ../_MiTaxi/Source;
			sourceTree = "<group>";
		};
		B8345F45171656E800641C3C /* App */ = {
			isa = PBXGroup;
			children = (
				B8345F2A1716569B00641C3C /* AppDelegate.h */,
				B8345F281716567600641C3C /* AppDelegate.m */,
			);
			name = App;
			sourceTree = "<group>";
		};
		B8345F461716570400641C3C /* Controllers */ = {
			isa = PBXGroup;
			children = (
				B8345F8117165FFF00641C3C /* MTSidePanelController.h */,
				B8345F8217165FFF00641C3C /* MTSidePanelController.m */,
				B8345F861716617A00641C3C /* LeftViewController.h */,
				B8345F871716617A00641C3C /* LeftViewController.m */,
				B8345F8C1716628E00641C3C /* MapViewController.h */,
				B8345F8D1716628E00641C3C /* MapViewController.m */,
				B8345F8F171662F400641C3C /* RecordUserViewController.h */,
				B8345F90171662F400641C3C /* RecordUserViewController.m */,
			);
			name = Controllers;
			sourceTree = "<group>";
		};
		B8345F471716572500641C3C /* View */ = {
			isa = PBXGroup;
			children = (
				B8345F7017165F2E00641C3C /* MainStoryboard.storyboard */,
				B8345F92171663E100641C3C /* TableViewCell.h */,
				B8345F93171663E100641C3C /* TableViewCell.m */,
			);
			name = View;
			sourceTree = "<group>";
		};
		B8345F481716572F00641C3C /* Models */ = {
			isa = PBXGroup;
			children = (
				B8345F891716622C00641C3C /* MenuItem.h */,
				B8345F8A1716622C00641C3C /* MenuItem.m */,
			);
			name = Models;
			sourceTree = "<group>";
		};
/* End PBXGroup section */

/* Begin PBXNativeTarget section */
		B8345F01171655D600641C3C /* MiTaxi */ = {
			isa = PBXNativeTarget;
			buildConfigurationList = B8345F25171655D600641C3C /* Build configuration list for PBXNativeTarget "MiTaxi" */;
			buildPhases = (
				B8345EFE171655D600641C3C /* Sources */,
				B8345EFF171655D600641C3C /* Frameworks */,
				B8345F00171655D600641C3C /* Resources */,
			);
			buildRules = (
			);
			dependencies = (
			);
			name = MiTaxi;
			productName = MiTaxi;
			productReference = B8345F02171655D600641C3C /* MiTaxi.app */;
			productType = "com.apple.product-type.application";
		};
/* End PBXNativeTarget section */

/* Begin PBXProject section */
		B8345EFA171655D600641C3C /* Project object */ = {
			isa = PBXProject;
			attributes = {
				LastUpgradeCheck = 0460;
				ORGANIZATIONNAME = Widetech;
			};
			buildConfigurationList = B8345EFD171655D600641C3C /* Build configuration list for PBXProject "MiTaxi" */;
			compatibilityVersion = "Xcode 3.2";
			developmentRegion = English;
			hasScannedForEncodings = 0;
			knownRegions = (
				en,
			);
			mainGroup = B8345EF9171655D600641C3C;
			productRefGroup = B8345F03171655D600641C3C /* Products */;
			projectDirPath = "";
			projectRoot = "";
			targets = (
				B8345F01171655D600641C3C /* MiTaxi */,
			);
		};
/* End PBXProject section */

/* Begin PBXResourcesBuildPhase section */
		B8345F00171655D600641C3C /* Resources */ = {
			isa = PBXResourcesBuildPhase;
			buildActionMask = 2147483647;
			files = (
				B8345F10171655D600641C3C /* InfoPlist.strings in Resources */,
				B8345F4E1716585A00641C3C /* GoogleMaps.bundle in Resources */,
				B8345F7117165F2E00641C3C /* MainStoryboard.storyboard in Resources */,
				B8345F961716648E00641C3C /* logosymb.png in Resources */,
				B8345FA01716651800641C3C /* Default-568h@2x.png in Resources */,
				B8345FA11716651800641C3C /* Default.png in Resources */,
				B8345FA21716651800641C3C /* Default@2x.png in Resources */,
			);
			runOnlyForDeploymentPostprocessing = 0;
		};
/* End PBXResourcesBuildPhase section */

/* Begin PBXSourcesBuildPhase section */
		B8345EFE171655D600641C3C /* Sources */ = {
			isa = PBXSourcesBuildPhase;
			buildActionMask = 2147483647;
			files = (
				B8345F12171655D600641C3C /* main.m in Sources */,
				B8345F291716567600641C3C /* AppDelegate.m in Sources */,
				B8345F43171656C000641C3C /* JASidePanelController.m in Sources */,
				B8345F44171656C000641C3C /* UIViewController+JASidePanel.m in Sources */,
				B8345F8317165FFF00641C3C /* MTSidePanelController.m in Sources */,
				B8345F881716617A00641C3C /* LeftViewController.m in Sources */,
				B8345F8B1716622C00641C3C /* MenuItem.m in Sources */,
				B8345F8E1716628E00641C3C /* MapViewController.m in Sources */,
				B8345F91171662F400641C3C /* RecordUserViewController.m in Sources */,
				B8345F94171663E100641C3C /* TableViewCell.m in Sources */,
			);
			runOnlyForDeploymentPostprocessing = 0;
		};
/* End PBXSourcesBuildPhase section */

/* Begin PBXVariantGroup section */
		B8345F0E171655D600641C3C /* InfoPlist.strings */ = {
			isa = PBXVariantGroup;
			children = (
				B8345F0F171655D600641C3C /* en */,
			);
			name = InfoPlist.strings;
			sourceTree = "<group>";
		};
/* End PBXVariantGroup section */

/* Begin XCBuildConfiguration section */
		B8345F23171655D600641C3C /* Debug */ = {
			isa = XCBuildConfiguration;
			buildSettings = {
				ALWAYS_SEARCH_USER_PATHS = NO;
				CLANG_CXX_LANGUAGE_STANDARD = "gnu++0x";
				CLANG_CXX_LIBRARY = "libc++";
				CLANG_ENABLE_OBJC_ARC = YES;
				CLANG_WARN_CONSTANT_CONVERSION = YES;
				CLANG_WARN_EMPTY_BODY = YES;
				CLANG_WARN_ENUM_CONVERSION = YES;
				CLANG_WARN_INT_CONVERSION = YES;
				CLANG_WARN__DUPLICATE_METHOD_MATCH = YES;
				"CODE_SIGN_IDENTITY[sdk=iphoneos*]" = "iPhone Developer";
				COPY_PHASE_STRIP = NO;
				GCC_C_LANGUAGE_STANDARD = gnu99;
				GCC_DYNAMIC_NO_PIC = NO;
				GCC_OPTIMIZATION_LEVEL = 0;
				GCC_PREPROCESSOR_DEFINITIONS = (
					"DEBUG=1",
					"$(inherited)",
				);
				GCC_SYMBOLS_PRIVATE_EXTERN = NO;
				GCC_WARN_ABOUT_RETURN_TYPE = YES;
				GCC_WARN_UNINITIALIZED_AUTOS = YES;
				GCC_WARN_UNUSED_VARIABLE = YES;
				IPHONEOS_DEPLOYMENT_TARGET = 6.1;
				ONLY_ACTIVE_ARCH = YES;
				SDKROOT = iphoneos;
			};
			name = Debug;
		};
		B8345F24171655D600641C3C /* Release */ = {
			isa = XCBuildConfiguration;
			buildSettings = {
				ALWAYS_SEARCH_USER_PATHS = NO;
				CLANG_CXX_LANGUAGE_STANDARD = "gnu++0x";
				CLANG_CXX_LIBRARY = "libc++";
				CLANG_ENABLE_OBJC_ARC = YES;
				CLANG_WARN_CONSTANT_CONVERSION = YES;
				CLANG_WARN_EMPTY_BODY = YES;
				CLANG_WARN_ENUM_CONVERSION = YES;
				CLANG_WARN_INT_CONVERSION = YES;
				CLANG_WARN__DUPLICATE_METHOD_MATCH = YES;
				"CODE_SIGN_IDENTITY[sdk=iphoneos*]" = "iPhone Developer";
				COPY_PHASE_STRIP = YES;
				GCC_C_LANGUAGE_STANDARD = gnu99;
				GCC_WARN_ABOUT_RETURN_TYPE = YES;
				GCC_WARN_UNINITIALIZED_AUTOS = YES;
				GCC_WARN_UNUSED_VARIABLE = YES;
				IPHONEOS_DEPLOYMENT_TARGET = 6.1;
				OTHER_CFLAGS = "-DNS_BLOCK_ASSERTIONS=1";
				SDKROOT = iphoneos;
				VALIDATE_PRODUCT = YES;
			};
			name = Release;
		};
		B8345F26171655D600641C3C /* Debug */ = {
			isa = XCBuildConfiguration;
			buildSettings = {
				FRAMEWORK_SEARCH_PATHS = (
					"$(inherited)",
					"\"$(SRCROOT)\"",
				);
				GCC_PRECOMPILE_PREFIX_HEADER = YES;
				GCC_PREFIX_HEADER = "MiTaxi/MiTaxi-Prefix.pch";
				INFOPLIST_FILE = "MiTaxi/MiTaxi-Info.plist";
				OTHER_LDFLAGS = "-ObjC";
				PRODUCT_NAME = "$(TARGET_NAME)";
				WRAPPER_EXTENSION = app;
			};
			name = Debug;
		};
		B8345F27171655D600641C3C /* Release */ = {
			isa = XCBuildConfiguration;
			buildSettings = {
				FRAMEWORK_SEARCH_PATHS = (
					"$(inherited)",
					"\"$(SRCROOT)\"",
				);
				GCC_PRECOMPILE_PREFIX_HEADER = YES;
				GCC_PREFIX_HEADER = "MiTaxi/MiTaxi-Prefix.pch";
				INFOPLIST_FILE = "MiTaxi/MiTaxi-Info.plist";
				OTHER_LDFLAGS = "-ObjC";
				PRODUCT_NAME = "$(TARGET_NAME)";
				WRAPPER_EXTENSION = app;
			};
			name = Release;
		};
/* End XCBuildConfiguration section */

/* Begin XCConfigurationList section */
		B8345EFD171655D600641C3C /* Build configuration list for PBXProject "MiTaxi" */ = {
			isa = XCConfigurationList;
			buildConfigurations = (
				B8345F23171655D600641C3C /* Debug */,
				B8345F24171655D600641C3C /* Release */,
			);
			defaultConfigurationIsVisible = 0;
			defaultConfigurationName = Release;
		};
		B8345F25171655D600641C3C /* Build configuration list for PBXNativeTarget "MiTaxi" */ = {
			isa = XCConfigurationList;
			buildConfigurations = (
				B8345F26171655D600641C3C /* Debug */,
				B8345F27171655D600641C3C /* Release */,
			);
			defaultConfigurationIsVisible = 0;
		};
/* End XCConfigurationList section */
	};
	rootObject = B8345EFA171655D600641C3C /* Project object */;
}
